
Microsoft Visual Studio Solution File, Format Version 12.00
# Visual Studio Version 16
VisualStudioVersion = 16.0.29025.244
MinimumVisualStudioVersion = 10.0.40219.1
Project("{9A19103F-16F7-4668-BE54-9A1E7A4F7556}") = "ShaderTools.CodeAnalysis", "ShaderTools.CodeAnalysis\ShaderTools.CodeAnalysis.csproj", "{2361A2C2-D048-4694-9000-25B4EA846CBA}"
EndProject
Project("{2150E333-8FDC-42A3-9474-1A3956D46DE8}") = "CodeAnalysis", "CodeAnalysis", "{A9A1351A-112B-4BD2-B832-87F187D2E83F}"
EndProject
Project("{2150E333-8FDC-42A3-9474-1A3956D46DE8}") = "Tools", "Tools", "{17E0A545-C6A0-4CE2-A4D3-F5F3AEC3B18B}"
EndProject
Project("{9A19103F-16F7-4668-BE54-9A1E7A4F7556}") = "SyntaxGenerator", "SyntaxGenerator\SyntaxGenerator.csproj", "{258A2D6D-2A88-4938-B45E-37D73F3A400A}"
EndProject
Project("{9A19103F-16F7-4668-BE54-9A1E7A4F7556}") = "ShaderTools.CodeAnalysis.Hlsl", "ShaderTools.CodeAnalysis.Hlsl\ShaderTools.CodeAnalysis.Hlsl.csproj", "{DBCC4D3A-B2E3-4DF5-9378-D1321E619EBD}"
EndProject
Project("{9A19103F-16F7-4668-BE54-9A1E7A4F7556}") = "ShaderTools.CodeAnalysis.Hlsl.Tests", "ShaderTools.CodeAnalysis.Hlsl.Tests\ShaderTools.CodeAnalysis.Hlsl.Tests.csproj", "{461A10F9-4EC8-4E72-A7F5-983D38AEF575}"
EndProject
Global
	GlobalSection(SolutionConfigurationPlatforms) = preSolution
		Debug|Any CPU = Debug|Any CPU
		Release|Any CPU = Release|Any CPU
	EndGlobalSection
	GlobalSection(ProjectConfigurationPlatforms) = postSolution
		{2361A2C2-D048-4694-9000-25B4EA846CBA}.Debug|Any CPU.ActiveCfg = Debug|Any CPU
		{2361A2C2-D048-4694-9000-25B4EA846CBA}.Debug|Any CPU.Build.0 = Debug|Any CPU
		{2361A2C2-D048-4694-9000-25B4EA846CBA}.Release|Any CPU.ActiveCfg = Release|Any CPU
		{2361A2C2-D048-4694-9000-25B4EA846CBA}.Release|Any CPU.Build.0 = Release|Any CPU
		{258A2D6D-2A88-4938-B45E-37D73F3A400A}.Debug|Any CPU.ActiveCfg = Debug|Any CPU
		{258A2D6D-2A88-4938-B45E-37D73F3A400A}.Debug|Any CPU.Build.0 = Debug|Any CPU
		{258A2D6D-2A88-4938-B45E-37D73F3A400A}.Release|Any CPU.ActiveCfg = Release|Any CPU
		{258A2D6D-2A88-4938-B45E-37D73F3A400A}.Release|Any CPU.Build.0 = Release|Any CPU
		{DBCC4D3A-B2E3-4DF5-9378-D1321E619EBD}.Debug|Any CPU.ActiveCfg = Debug|Any CPU
		{DBCC4D3A-B2E3-4DF5-9378-D1321E619EBD}.Debug|Any CPU.Build.0 = Debug|Any CPU
		{DBCC4D3A-B2E3-4DF5-9378-D1321E619EBD}.Release|Any CPU.ActiveCfg = Release|Any CPU
		{DBCC4D3A-B2E3-4DF5-9378-D1321E619EBD}.Release|Any CPU.Build.0 = Release|Any CPU
		{461A10F9-4EC8-4E72-A7F5-983D38AEF575}.Debug|Any CPU.ActiveCfg = Debug|Any CPU
		{461A10F9-4EC8-4E72-A7F5-983D38AEF575}.Debug|Any CPU.Build.0 = Debug|Any CPU
		{461A10F9-4EC8-4E72-A7F5-983D38AEF575}.Release|Any CPU.ActiveCfg = Release|Any CPU
		{461A10F9-4EC8-4E72-A7F5-983D38AEF575}.Release|Any CPU.Build.0 = Release|Any CPU
	EndGlobalSection
	GlobalSection(SolutionProperties) = preSolution
		HideSolutionNode = FALSE
	EndGlobalSection
	GlobalSection(NestedProjects) = preSolution
		{2361A2C2-D048-4694-9000-25B4EA846CBA} = {A9A1351A-112B-4BD2-B832-87F187D2E83F}
		{258A2D6D-2A88-4938-B45E-37D73F3A400A} = {17E0A545-C6A0-4CE2-A4D3-F5F3AEC3B18B}
		{DBCC4D3A-B2E3-4DF5-9378-D1321E619EBD} = {A9A1351A-112B-4BD2-B832-87F187D2E83F}
		{461A10F9-4EC8-4E72-A7F5-983D38AEF575} = {A9A1351A-112B-4BD2-B832-87F187D2E83F}
	EndGlobalSection
	GlobalSection(ExtensibilityGlobals) = postSolution
		SolutionGuid = {1BB8C6CB-EFAB-4B95-8100-4FBC75822D21}
	EndGlobalSection
EndGlobal
